
Microsoft Visual Studio Solution File, Format Version 12.00
# Visual Studio 14
VisualStudioVersion = 14.0.23107.0
MinimumVisualStudioVersion = 10.0.40219.1
Project("{FAE04EC0-301F-11D3-BF4B-00C04F79EFBC}") = "MvaAzureSearchDemo", "ConsoleApplication1\MvaAzureSearchDemo.csproj", "{3A624007-B590-414A-95CF-77D1EE8524AC}"
EndProject
Project("{FAE04EC0-301F-11D3-BF4B-00C04F79EFBC}") = "AzureSearchWebApiDemo", "AzureSearchWebApiDemo\AzureSearchWebApiDemo.csproj", "{27301EFB-516E-4EEE-9964-8BDE7A5CA373}"
EndProject
Project("{FAE04EC0-301F-11D3-BF4B-00C04F79EFBC}") = "AzureSearchWebAppDemo", "AzureSearchWebAppDemo\AzureSearchWebAppDemo.csproj", "{B85FA001-B5F1-4D96-85B9-685EDFC69073}"
EndProject
Global
	GlobalSection(SolutionConfigurationPlatforms) = preSolution
		Debug|Any CPU = Debug|Any CPU
		Release|Any CPU = Release|Any CPU
	EndGlobalSection
	GlobalSection(ProjectConfigurationPlatforms) = postSolution
		{3A624007-B590-414A-95CF-77D1EE8524AC}.Debug|Any CPU.ActiveCfg = Debug|Any CPU
		{3A624007-B590-414A-95CF-77D1EE8524AC}.Debug|Any CPU.Build.0 = Debug|Any CPU
		{3A624007-B590-414A-95CF-77D1EE8524AC}.Release|Any CPU.ActiveCfg = Release|Any CPU
		{3A624007-B590-414A-95CF-77D1EE8524AC}.Release|Any CPU.Build.0 = Release|Any CPU
		{27301EFB-516E-4EEE-9964-8BDE7A5CA373}.Debug|Any CPU.ActiveCfg = Debug|Any CPU
		{27301EFB-516E-4EEE-9964-8BDE7A5CA373}.Debug|Any CPU.Build.0 = Debug|Any CPU
		{27301EFB-516E-4EEE-9964-8BDE7A5CA373}.Release|Any CPU.ActiveCfg = Release|Any CPU
		{27301EFB-516E-4EEE-9964-8BDE7A5CA373}.Release|Any CPU.Build.0 = Release|Any CPU
		{B85FA001-B5F1-4D96-85B9-685EDFC69073}.Debug|Any CPU.ActiveCfg = Debug|Any CPU
		{B85FA001-B5F1-4D96-85B9-685EDFC69073}.Debug|Any CPU.Build.0 = Debug|Any CPU
		{B85FA001-B5F1-4D96-85B9-685EDFC69073}.Release|Any CPU.ActiveCfg = Release|Any CPU
		{B85FA001-B5F1-4D96-85B9-685EDFC69073}.Release|Any CPU.Build.0 = Release|Any CPU
	EndGlobalSection
	GlobalSection(SolutionProperties) = preSolution
		HideSolutionNode = FALSE
	EndGlobalSection
EndGlobal
